
Microsoft Visual Studio Solution File, Format Version 12.00
# Visual Studio Version 16
VisualStudioVersion = 16.0.30717.126
MinimumVisualStudioVersion = 10.0.40219.1
Project("{FAE04EC0-301F-11D3-BF4B-00C04F79EFBC}") = "Our.Umbraco.Domains", "Our.Umbraco.Domains\Our.Umbraco.Domains.csproj", "{BBD4F32D-DC42-4C93-A85D-5AC2F2623CC2}"
EndProject
Global
	GlobalSection(SolutionConfigurationPlatforms) = preSolution
		Debug|Any CPU = Debug|Any CPU
		Release|Any CPU = Release|Any CPU
	EndGlobalSection
	GlobalSection(ProjectConfigurationPlatforms) = postSolution
		{BBD4F32D-DC42-4C93-A85D-5AC2F2623CC2}.Debug|Any CPU.ActiveCfg = Debug|Any CPU
		{BBD4F32D-DC42-4C93-A85D-5AC2F2623CC2}.Debug|Any CPU.Build.0 = Debug|Any CPU
		{BBD4F32D-DC42-4C93-A85D-5AC2F2623CC2}.Release|Any CPU.ActiveCfg = Release|Any CPU
		{BBD4F32D-DC42-4C93-A85D-5AC2F2623CC2}.Release|Any CPU.Build.0 = Release|Any CPU
	EndGlobalSection
	GlobalSection(SolutionProperties) = preSolution
		HideSolutionNode = FALSE
	EndGlobalSection
	GlobalSection(ExtensibilityGlobals) = postSolution
		SolutionGuid = {91E74276-A87C-4472-85CA-D0E0CA208305}
	EndGlobalSection
EndGlobal
